// !$*UTF8*$!
{
	archiveVersion = 1;
	classes = {
	};
	objectVersion = 50;
	objects = {

/* Begin PBXBuildFile section */
		87CCEC78253DDAD100D80788 /* main.cpp in Sources */ = {isa = PBXBuildFile; fileRef = 87CCEC77253DDAD100D80788 /* main.cpp */; };
		87CCEC7F253DDB3200D80788 /* Functions.cpp in Sources */ = {isa = PBXBuildFile; fileRef = 87CCEC7E253DDB3200D80788 /* Functions.cpp */; };
		87CCEC83253DDBF800D80788 /* LottoMethods.cpp in Sources */ = {isa = PBXBuildFile; fileRef = 87CCEC82253DDBF800D80788 /* LottoMethods.cpp */; };
/* End PBXBuildFile section */

/* Begin PBXCopyFilesBuildPhase section */
		87CCEC72253DDAD100D80788 /* CopyFiles */ = {
			isa = PBXCopyFilesBuildPhase;
			buildActionMask = 2147483647;
			dstPath = /usr/share/man/man1/;
			dstSubfolderSpec = 0;
			files = (
			);
			runOnlyForDeploymentPostprocessing = 1;
		};
/* End PBXCopyFilesBuildPhase section */

/* Begin PBXFileReference section */
		87CCEC74253DDAD100D80788 /* External code 3 (lotto) */ = {isa = PBXFileReference; explicitFileType = "compiled.mach-o.executable"; includeInIndex = 0; path = "External code 3 (lotto)"; sourceTree = BUILT_PRODUCTS_DIR; };
		87CCEC77253DDAD100D80788 /* main.cpp */ = {isa = PBXFileReference; lastKnownFileType = sourcecode.cpp.cpp; path = main.cpp; sourceTree = "<group>"; };
		87CCEC7E253DDB3200D80788 /* Functions.cpp */ = {isa = PBXFileReference; lastKnownFileType = sourcecode.cpp.cpp; path = Functions.cpp; sourceTree = "<group>"; };
		87CCEC80253DDB5900D80788 /* LPFHeader.h */ = {isa = PBXFileReference; lastKnownFileType = sourcecode.c.h; path = LPFHeader.h; sourceTree = "<group>"; };
		87CCEC81253DDBE200D80788 /* LottoClass.h */ = {isa = PBXFileReference; lastKnownFileType = sourcecode.c.h; path = LottoClass.h; sourceTree = "<group>"; };
		87CCEC82253DDBF800D80788 /* LottoMethods.cpp */ = {isa = PBXFileReference; lastKnownFileType = sourcecode.cpp.cpp; path = LottoMethods.cpp; sourceTree = "<group>"; };
/* End PBXFileReference section */

/* Begin PBXFrameworksBuildPhase section */
		87CCEC71253DDAD100D80788 /* Frameworks */ = {
			isa = PBXFrameworksBuildPhase;
			buildActionMask = 2147483647;
			files = (
			);
			runOnlyForDeploymentPostprocessing = 0;
		};
/* End PBXFrameworksBuildPhase section */

/* Begin PBXGroup section */
		87CCEC6B253DDAD100D80788 = {
			isa = PBXGroup;
			children = (
				87CCEC76253DDAD100D80788 /* External code 3 (lotto) */,
				87CCEC75253DDAD100D80788 /* Products */,
			);
			sourceTree = "<group>";
		};
		87CCEC75253DDAD100D80788 /* Products */ = {
			isa = PBXGroup;
			children = (
				87CCEC74253DDAD100D80788 /* External code 3 (lotto) */,
			);
			name = Products;
			sourceTree = "<group>";
		};
		87CCEC76253DDAD100D80788 /* External code 3 (lotto) */ = {
			isa = PBXGroup;
			children = (
				87CCEC81253DDBE200D80788 /* LottoClass.h */,
				87CCEC82253DDBF800D80788 /* LottoMethods.cpp */,
				87CCEC80253DDB5900D80788 /* LPFHeader.h */,
				87CCEC7E253DDB3200D80788 /* Functions.cpp */,
				87CCEC77253DDAD100D80788 /* main.cpp */,
			);
			path = "External code 3 (lotto)";
			sourceTree = "<group>";
		};
/* End PBXGroup section */

/* Begin PBXNativeTarget section */
		87CCEC73253DDAD100D80788 /* External code 3 (lotto) */ = {
			isa = PBXNativeTarget;
			buildConfigurationList = 87CCEC7B253DDAD100D80788 /* Build configuration list for PBXNativeTarget "External code 3 (lotto)" */;
			buildPhases = (
				87CCEC70253DDAD100D80788 /* Sources */,
				87CCEC71253DDAD100D80788 /* Frameworks */,
				87CCEC72253DDAD100D80788 /* CopyFiles */,
			);
			buildRules = (
			);
			dependencies = (
			);
			name = "External code 3 (lotto)";
			productName = "External code 3 (lotto)";
			productReference = 87CCEC74253DDAD100D80788 /* External code 3 (lotto) */;
			productType = "com.apple.product-type.tool";
		};
/* End PBXNativeTarget section */

/* Begin PBXProject section */
		87CCEC6C253DDAD100D80788 /* Project object */ = {
			isa = PBXProject;
			attributes = {
				LastUpgradeCheck = 1160;
				ORGANIZATIONNAME = "Никита";
				TargetAttributes = {
					87CCEC73253DDAD100D80788 = {
						CreatedOnToolsVersion = 11.6;
					};
				};
			};
			buildConfigurationList = 87CCEC6F253DDAD100D80788 /* Build configuration list for PBXProject "External code 3 (lotto)" */;
			compatibilityVersion = "Xcode 9.3";
			developmentRegion = en;
			hasScannedForEncodings = 0;
			knownRegions = (
				en,
				Base,
			);
			mainGroup = 87CCEC6B253DDAD100D80788;
			productRefGroup = 87CCEC75253DDAD100D80788 /* Products */;
			projectDirPath = "";
			projectRoot = "";
			targets = (
				87CCEC73253DDAD100D80788 /* External code 3 (lotto) */,
			);
		};
/* End PBXProject section */

/* Begin PBXSourcesBuildPhase section */
		87CCEC70253DDAD100D80788 /* Sources */ = {
			isa = PBXSourcesBuildPhase;
			buildActionMask = 2147483647;
			files = (
				87CCEC78253DDAD100D80788 /* main.cpp in Sources */,
				87CCEC83253DDBF800D80788 /* LottoMethods.cpp in Sources */,
				87CCEC7F253DDB3200D80788 /* Functions.cpp in Sources */,
			);
			runOnlyForDeploymentPostprocessing = 0;
		};
/* End PBXSourcesBuildPhase section */

/* Begin XCBuildConfiguration section */
		87CCEC79253DDAD100D80788 /* Debug */ = {
			isa = XCBuildConfiguration;
			buildSettings = {
				ALWAYS_SEARCH_USER_PATHS = NO;
				CLANG_ANALYZER_NONNULL = YES;
				CLANG_ANALYZER_NUMBER_OBJECT_CONVERSION = YES_AGGRESSIVE;
				CLANG_CXX_LANGUAGE_STANDARD = "gnu++14";
				CLANG_CXX_LIBRARY = "libc++";
				CLANG_ENABLE_MODULES = YES;
				CLANG_ENABLE_OBJC_ARC = YES;
				CLANG_ENABLE_OBJC_WEAK = YES;
				CLANG_WARN_BLOCK_CAPTURE_AUTORELEASING = YES;
				CLANG_WARN_BOOL_CONVERSION = YES;
				CLANG_WARN_COMMA = YES;
				CLANG_WARN_CONSTANT_CONVERSION = YES;
				CLANG_WARN_DEPRECATED_OBJC_IMPLEMENTATIONS = YES;
				CLANG_WARN_DIRECT_OBJC_ISA_USAGE = YES_ERROR;
				CLANG_WARN_DOCUMENTATION_COMMENTS = YES;
				CLANG_WARN_EMPTY_BODY = YES;
				CLANG_WARN_ENUM_CONVERSION = YES;
				CLANG_WARN_INFINITE_RECURSION = YES;
				CLANG_WARN_INT_CONVERSION = YES;
				CLANG_WARN_NON_LITERAL_NULL_CONVERSION = YES;
				CLANG_WARN_OBJC_IMPLICIT_RETAIN_SELF = YES;
				CLANG_WARN_OBJC_LITERAL_CONVERSION = YES;
				CLANG_WARN_OBJC_ROOT_CLASS = YES_ERROR;
				CLANG_WARN_RANGE_LOOP_ANALYSIS = YES;
				CLANG_WARN_STRICT_PROTOTYPES = YES;
				CLANG_WARN_SUSPICIOUS_MOVE = YES;
				CLANG_WARN_UNGUARDED_AVAILABILITY = YES_AGGRESSIVE;
				CLANG_WARN_UNREACHABLE_CODE = YES;
				CLANG_WARN__DUPLICATE_METHOD_MATCH = YES;
				COPY_PHASE_STRIP = NO;
				DEBUG_INFORMATION_FORMAT = dwarf;
				ENABLE_STRICT_OBJC_MSGSEND = YES;
				ENABLE_TESTABILITY = YES;
				GCC_C_LANGUAGE_STANDARD = gnu11;
				GCC_DYNAMIC_NO_PIC = NO;
				GCC_NO_COMMON_BLOCKS = YES;
				GCC_OPTIMIZATION_LEVEL = 0;
				GCC_PREPROCESSOR_DEFINITIONS = (
					"DEBUG=1",
					"$(inherited)",
				);
				GCC_WARN_64_TO_32_BIT_CONVERSION = YES;
				GCC_WARN_ABOUT_RETURN_TYPE = YES_ERROR;
				GCC_WARN_UNDECLARED_SELECTOR = YES;
				GCC_WARN_UNINITIALIZED_AUTOS = YES_AGGRESSIVE;
				GCC_WARN_UNUSED_FUNCTION = YES;
				GCC_WARN_UNUSED_VARIABLE = YES;
				MACOSX_DEPLOYMENT_TARGET = 10.15;
				MTL_ENABLE_DEBUG_INFO = INCLUDE_SOURCE;
				MTL_FAST_MATH = YES;
				ONLY_ACTIVE_ARCH = YES;
				SDKROOT = macosx;
			};
			name = Debug;
		};
		87CCEC7A253DDAD100D80788 /* Release */ = {
			isa = XCBuildConfiguration;
			buildSettings = {
				ALWAYS_SEARCH_USER_PATHS = NO;
				CLANG_ANALYZER_NONNULL = YES;
				CLANG_ANALYZER_NUMBER_OBJECT_CONVERSION = YES_AGGRESSIVE;
				CLANG_CXX_LANGUAGE_STANDARD = "gnu++14";
				CLANG_CXX_LIBRARY = "libc++";
				CLANG_ENABLE_MODULES = YES;
				CLANG_ENABLE_OBJC_ARC = YES;
				CLANG_ENABLE_OBJC_WEAK = YES;
				CLANG_WARN_BLOCK_CAPTURE_AUTORELEASING = YES;
				CLANG_WARN_BOOL_CONVERSION = YES;
				CLANG_WARN_COMMA = YES;
				CLANG_WARN_CONSTANT_CONVERSION = YES;
				CLANG_WARN_DEPRECATED_OBJC_IMPLEMENTATIONS = YES;
				CLANG_WARN_DIRECT_OBJC_ISA_USAGE = YES_ERROR;
				CLANG_WARN_DOCUMENTATION_COMMENTS = YES;
				CLANG_WARN_EMPTY_BODY = YES;
				CLANG_WARN_ENUM_CONVERSION = YES;
				CLANG_WARN_INFINITE_RECURSION = YES;
				CLANG_WARN_INT_CONVERSION = YES;
				CLANG_WARN_NON_LITERAL_NULL_CONVERSION = YES;
				CLANG_WARN_OBJC_IMPLICIT_RETAIN_SELF = YES;
				CLANG_WARN_OBJC_LITERAL_CONVERSION = YES;
				CLANG_WARN_OBJC_ROOT_CLASS = YES_ERROR;
				CLANG_WARN_RANGE_LOOP_ANALYSIS = YES;
				CLANG_WARN_STRICT_PROTOTYPES = YES;
				CLANG_WARN_SUSPICIOUS_MOVE = YES;
				CLANG_WARN_UNGUARDED_AVAILABILITY = YES_AGGRESSIVE;
				CLANG_WARN_UNREACHABLE_CODE = YES;
				CLANG_WARN__DUPLICATE_METHOD_MATCH = YES;
				COPY_PHASE_STRIP = NO;
				DEBUG_INFORMATION_FORMAT = "dwarf-with-dsym";
				ENABLE_NS_ASSERTIONS = NO;
				ENABLE_STRICT_OBJC_MSGSEND = YES;
				GCC_C_LANGUAGE_STANDARD = gnu11;
				GCC_NO_COMMON_BLOCKS = YES;
				GCC_WARN_64_TO_32_BIT_CONVERSION = YES;
				GCC_WARN_ABOUT_RETURN_TYPE = YES_ERROR;
				GCC_WARN_UNDECLARED_SELECTOR = YES;
				GCC_WARN_UNINITIALIZED_AUTOS = YES_AGGRESSIVE;
				GCC_WARN_UNUSED_FUNCTION = YES;
				GCC_WARN_UNUSED_VARIABLE = YES;
				MACOSX_DEPLOYMENT_TARGET = 10.15;
				MTL_ENABLE_DEBUG_INFO = NO;
				MTL_FAST_MATH = YES;
				SDKROOT = macosx;
			};
			name = Release;
		};
		87CCEC7C253DDAD100D80788 /* Debug */ = {
			isa = XCBuildConfiguration;
			buildSettings = {
				CODE_SIGN_STYLE = Automatic;
				PRODUCT_NAME = "$(TARGET_NAME)";
			};
			name = Debug;
		};
		87CCEC7D253DDAD100D80788 /* Release */ = {
			isa = XCBuildConfiguration;
			buildSettings = {
				CODE_SIGN_STYLE = Automatic;
				PRODUCT_NAME = "$(TARGET_NAME)";
			};
			name = Release;
		};
/* End XCBuildConfiguration section */

/* Begin XCConfigurationList section */
		87CCEC6F253DDAD100D80788 /* Build configuration list for PBXProject "External code 3 (lotto)" */ = {
			isa = XCConfigurationList;
			buildConfigurations = (
				87CCEC79253DDAD100D80788 /* Debug */,
				87CCEC7A253DDAD100D80788 /* Release */,
			);
			defaultConfigurationIsVisible = 0;
			defaultConfigurationName = Release;
		};
		87CCEC7B253DDAD100D80788 /* Build configuration list for PBXNativeTarget "External code 3 (lotto)" */ = {
			isa = XCConfigurationList;
			buildConfigurations = (
				87CCEC7C253DDAD100D80788 /* Debug */,
				87CCEC7D253DDAD100D80788 /* Release */,
			);
			defaultConfigurationIsVisible = 0;
			defaultConfigurationName = Release;
		};
/* End XCConfigurationList section */
	};
	rootObject = 87CCEC6C253DDAD100D80788 /* Project object */;
}
